
Microsoft Visual Studio Solution File, Format Version 12.00
# Visual Studio 15
VisualStudioVersion = 15.0.27130.2020
MinimumVisualStudioVersion = 10.0.40219.1
Project("{2150E333-8FDC-42A3-9474-1A3956D46DE8}") = "server", "server", "{9BD2FC26-0766-4D0C-80CF-AC811DE44A4D}"
EndProject
Project("{FAE04EC0-301F-11D3-BF4B-00C04F79EFBC}") = "Ntreev.Crema.WindowsServiceHost", "server\Ntreev.Crema.WindowsServiceHost\Ntreev.Crema.WindowsServiceHost.csproj", "{520E5310-F4C2-4369-8A98-D6C74FD7E90D}"
EndProject
Project("{FAE04EC0-301F-11D3-BF4B-00C04F79EFBC}") = "Ntreev.Crema.ServiceHosts", "server\Ntreev.Crema.ServiceHosts\Ntreev.Crema.ServiceHosts.csproj", "{A7BF94F7-94A5-46BA-A756-C04BDE65F47B}"
EndProject
Project("{FAE04EC0-301F-11D3-BF4B-00C04F79EFBC}") = "Ntreev.Crema.Services", "server\Ntreev.Crema.Services\Ntreev.Crema.Services.csproj", "{B7B4C207-7729-4147-96C4-B55E85647A66}"
EndProject
Project("{FAE04EC0-301F-11D3-BF4B-00C04F79EFBC}") = "Ntreev.Crema.ConsoleHost", "server\Ntreev.Crema.ConsoleHost\Ntreev.Crema.ConsoleHost.csproj", "{3FDD2B88-2C14-441A-B76A-48C31A6AC9F1}"
EndProject
Project("{FAE04EC0-301F-11D3-BF4B-00C04F79EFBC}") = "Ntreev.Crema.Commands", "server\Ntreev.Crema.Commands\Ntreev.Crema.Commands.csproj", "{20DAB068-F188-4EC5-96FA-227C11BBA46D}"
EndProject
Project("{2150E333-8FDC-42A3-9474-1A3956D46DE8}") = "common", "common", "{2C88EBD3-AF02-4842-8922-7C439EC5AB5E}"
EndProject
Project("{FAE04EC0-301F-11D3-BF4B-00C04F79EFBC}") = "Ntreev.Crema.ServiceModel", "common\Ntreev.Crema.ServiceModel\Ntreev.Crema.ServiceModel.csproj", "{6478450A-DFA5-445D-890F-BC5F57C9A148}"
EndProject
Project("{FAE04EC0-301F-11D3-BF4B-00C04F79EFBC}") = "Ntreev.Crema.Spreadsheet", "common\Ntreev.Crema.Spreadsheet\Ntreev.Crema.Spreadsheet.csproj", "{A41E71C2-33F2-4EBF-B8E9-4050BB6C282D}"
EndProject
Project("{2150E333-8FDC-42A3-9474-1A3956D46DE8}") = "client", "client", "{51988BAC-DDBB-475A-BF13-576A97678AB5}"
EndProject
Project("{FAE04EC0-301F-11D3-BF4B-00C04F79EFBC}") = "Ntreev.Crema.Client.Converters", "client\Ntreev.Crema.Client.Converters\Ntreev.Crema.Client.Converters.csproj", "{AE494F06-18FB-452A-85A4-AE25F0399AC2}"
EndProject
Project("{FAE04EC0-301F-11D3-BF4B-00C04F79EFBC}") = "Ntreev.Crema.Client.Framework", "client\Ntreev.Crema.Client.Framework\Ntreev.Crema.Client.Framework.csproj", "{4C1FBD82-BCA7-44D2-B832-BFA2AB80EEBB}"
EndProject
Project("{FAE04EC0-301F-11D3-BF4B-00C04F79EFBC}") = "Ntreev.Crema.Client.SmartSet", "client\Ntreev.Crema.Client.SmartSet\Ntreev.Crema.Client.SmartSet.csproj", "{6145E470-9838-4E40-B500-6F215B2703BC}"
EndProject
Project("{FAE04EC0-301F-11D3-BF4B-00C04F79EFBC}") = "Ntreev.Crema.Client.Tables", "client\Ntreev.Crema.Client.Tables\Ntreev.Crema.Client.Tables.csproj", "{92B62CA2-3246-4AB0-B190-B3D3381F15A5}"
EndProject
Project("{FAE04EC0-301F-11D3-BF4B-00C04F79EFBC}") = "Ntreev.Crema.Client.Types", "client\Ntreev.Crema.Client.Types\Ntreev.Crema.Client.Types.csproj", "{2128377D-74C2-4677-A96F-A82682672ECE}"
EndProject
Project("{FAE04EC0-301F-11D3-BF4B-00C04F79EFBC}") = "Ntreev.Crema.Services", "client\Ntreev.Crema.Services\Ntreev.Crema.Services.csproj", "{0EAC90AB-7C7E-47E3-9954-148B45521FCB}"
EndProject
Project("{FAE04EC0-301F-11D3-BF4B-00C04F79EFBC}") = "Ntreev.Crema.ApplicationHost", "client\Ntreev.Crema.ApplicationHost\Ntreev.Crema.ApplicationHost.csproj", "{DA9000E5-F145-4E52-95D6-3AE12E1C6F07}"
EndProject
Project("{2150E333-8FDC-42A3-9474-1A3956D46DE8}") = "tools", "tools", "{FCEABDD4-4C3B-498B-A559-CA4C65D0C4BE}"
EndProject
Project("{FAE04EC0-301F-11D3-BF4B-00C04F79EFBC}") = "Ntreev.ModernUI.Framework", "sub-modules\Ntreev.ModernUI.Framework\Ntreev.ModernUI.Framework\Ntreev.ModernUI.Framework.csproj", "{20C3D3DD-DE99-4126-9449-BCA12E4D255D}"
EndProject
Project("{FAE04EC0-301F-11D3-BF4B-00C04F79EFBC}") = "Ntreev.Library", "sub-modules\Ntreev.Library\Ntreev.Library.Net45\Ntreev.Library.csproj", "{1918437F-4FBF-4731-AC5B-981A4A4CB1F1}"
EndProject
Project("{FAE04EC0-301F-11D3-BF4B-00C04F79EFBC}") = "Ntreev.Crema.Client.Users", "client\Ntreev.Crema.Client.Users\Ntreev.Crema.Client.Users.csproj", "{ABC6F21C-0B20-4070-A09A-94990EA0DB2D}"
EndProject
Project("{FAE04EC0-301F-11D3-BF4B-00C04F79EFBC}") = "Ntreev.Crema.Client.Base", "client\Ntreev.Crema.Client.Base\Ntreev.Crema.Client.Base.csproj", "{5775FED7-233E-48B2-8F83-538DC1123527}"
EndProject
Project("{2150E333-8FDC-42A3-9474-1A3956D46DE8}") = "version", "version", "{F159D190-2B68-49A5-9B54-ED6970FFEA6F}"
EndProject
Project("{FAE04EC0-301F-11D3-BF4B-00C04F79EFBC}") = "Ntreev.Crema.Tools.Framework", "tools\Ntreev.Crema.Tools.Framework\Ntreev.Crema.Tools.Framework.csproj", "{AF7FE3F1-E2CC-45CB-A848-198DDF4AEC18}"
EndProject
Project("{FAE04EC0-301F-11D3-BF4B-00C04F79EFBC}") = "Ntreev.Crema.Commands", "client\Ntreev.Crema.Commands\Ntreev.Crema.Commands.csproj", "{21901648-9205-46C1-91F0-2A3D7847BFC6}"
EndProject
Project("{FAE04EC0-301F-11D3-BF4B-00C04F79EFBC}") = "Ntreev.Crema.Client.Console", "client\Ntreev.Crema.Client.Console\Ntreev.Crema.Client.Console.csproj", "{A455A6AC-41D0-476C-BB23-E7ADFA5D7D78}"
EndProject
Project("{D954291E-2A0B-460D-934E-DC6B0785DB48}") = "Ntreev.Crema.AssemblyInfo", "common\Ntreev.Crema.AssemblyInfo\Ntreev.Crema.AssemblyInfo.shproj", "{AD0EBA0C-D167-4722-A2A7-82B17E1FC9AA}"
EndProject
Project("{FAE04EC0-301F-11D3-BF4B-00C04F79EFBC}") = "Ntreev.Library.Commands", "sub-modules\Ntreev.Library.Commands\Ntreev.Library.Commands.Net45\Ntreev.Library.Commands.csproj", "{0D96CC61-6D74-49B4-A558-33AC0DCF8529}"
EndProject
Project("{FAE04EC0-301F-11D3-BF4B-00C04F79EFBC}") = "Ntreev.Crema.Commands", "tools\Ntreev.Crema.Commands\Ntreev.Crema.Commands.csproj", "{ACD0A4DC-21E7-48D0-A67F-88BD9E8A5CEC}"
EndProject
Project("{FAE04EC0-301F-11D3-BF4B-00C04F79EFBC}") = "Ntreev.Crema.Runtime.Serialization", "common\Ntreev.Crema.Runtime.Serialization\Ntreev.Crema.Runtime.Serialization.csproj", "{279D3BBF-10A3-449F-AA73-545BC0B7BAAF}"
EndProject
Project("{FAE04EC0-301F-11D3-BF4B-00C04F79EFBC}") = "Ntreev.Crema.Runtime.Generation", "common\Ntreev.Crema.Runtime.Generation\Ntreev.Crema.Runtime.Generation.csproj", "{79AEF7D1-93D1-4EEB-B09C-1595C82E7492}"
EndProject
Project("{FAE04EC0-301F-11D3-BF4B-00C04F79EFBC}") = "Ntreev.Crema.Runtime.Generation.NativeC", "common\Ntreev.Crema.Runtime.Generation.NativeC\Ntreev.Crema.Runtime.Generation.NativeC.csproj", "{3FAF8044-A589-4198-B8EC-B9D34BCCB6EE}"
EndProject
Project("{FAE04EC0-301F-11D3-BF4B-00C04F79EFBC}") = "Ntreev.Crema.Runtime.Generation.TypeScript", "common\Ntreev.Crema.Runtime.Generation.TypeScript\Ntreev.Crema.Runtime.Generation.TypeScript.csproj", "{0FC60F01-A2CE-4E41-BED0-AF56AD18CA39}"
EndProject
Project("{FAE04EC0-301F-11D3-BF4B-00C04F79EFBC}") = "Ntreev.Crema.RuntimeService", "server\Ntreev.Crema.RuntimeService\Ntreev.Crema.RuntimeService.csproj", "{3D7847D1-7706-4A64-8846-D8AA3639471C}"
EndProject
Project("{FAE04EC0-301F-11D3-BF4B-00C04F79EFBC}") = "Ntreev.Crema.ConsoleHost", "tools\Ntreev.Crema.ConsoleHost\Ntreev.Crema.ConsoleHost.csproj", "{8AE68ABF-C297-4C60-9C0C-1EF64F3BDBE6}"
EndProject
Project("{FAE04EC0-301F-11D3-BF4B-00C04F79EFBC}") = "Ntreev.Crema.ApplicationHost", "tools\Ntreev.Crema.ApplicationHost\Ntreev.Crema.ApplicationHost.csproj", "{21D482D9-EF20-4E85-8100-28CA1B519EF7}"
EndProject
Project("{FAE04EC0-301F-11D3-BF4B-00C04F79EFBC}") = "Ntreev.Crema.RuntimeService", "tools\Ntreev.Crema.RuntimeService\Ntreev.Crema.RuntimeService.csproj", "{BDB528B8-1482-4FCB-8CAA-DADC8FAD5243}"
EndProject
Project("{FAE04EC0-301F-11D3-BF4B-00C04F79EFBC}") = "Ntreev.Crema.Data", "common\Ntreev.Crema.Data\Ntreev.Crema.Data.csproj", "{04AEB614-3510-4064-99AF-0AA807C7F957}"
EndProject
Project("{FAE04EC0-301F-11D3-BF4B-00C04F79EFBC}") = "Ntreev.Crema.Presentation", "common\Ntreev.Crema.Presentation\Ntreev.Crema.Presentation.csproj", "{EA40AC57-D041-44F4-BD03-5E81D0572625}"
EndProject
Project("{D954291E-2A0B-460D-934E-DC6B0785DB48}") = "Ntreev.Crema.Services.Sharing", "common\Ntreev.Crema.Services.Sharing\Ntreev.Crema.Services.Sharing.shproj", "{24ECBEE1-2859-4F09-969B-F382E6341814}"
EndProject
Project("{FAE04EC0-301F-11D3-BF4B-00C04F79EFBC}") = "Ntreev.Crema.Reader", "tools\Ntreev.Crema.Reader\Ntreev.Crema.Reader.csproj", "{D8F5B983-C45E-4230-96F5-E2C494D5FF5C}"
EndProject
Project("{FAE04EC0-301F-11D3-BF4B-00C04F79EFBC}") = "Ntreev.Crema.Tools.Runtime", "tools\Ntreev.Crema.Tools.Runtime\Ntreev.Crema.Tools.Runtime.csproj", "{958D0DB7-5DB4-4D95-8389-EF7127F7E36E}"
EndProject
Project("{FAE04EC0-301F-11D3-BF4B-00C04F79EFBC}") = "Ntreev.Crema.Tools.View", "tools\Ntreev.Crema.Tools.View\Ntreev.Crema.Tools.View.csproj", "{EDBC5495-35F7-4CE5-A1C6-57018043DCF0}"
EndProject
Project("{FAE04EC0-301F-11D3-BF4B-00C04F79EFBC}") = "Ntreev.Crema.Client.Differences", "client\Ntreev.Crema.Client.Differences\Ntreev.Crema.Client.Differences.csproj", "{2E1EF97A-E9D5-4732-9558-B566F3D00DDA}"
EndProject
Project("{D954291E-2A0B-460D-934E-DC6B0785DB48}") = "Ntreev.Crema.Commands.Sharing", "common\Ntreev.Crema.Commands.Sharing\Ntreev.Crema.Commands.Sharing.shproj", "{3D3128AA-908D-44C4-9EFD-0E1A903F5287}"
EndProject
Project("{FAE04EC0-301F-11D3-BF4B-00C04F79EFBC}") = "Ntreev.Crema.ConsoleHost", "client\Ntreev.Crema.ConsoleHost\Ntreev.Crema.ConsoleHost.csproj", "{9F512D64-D361-4920-A46B-C37445493134}"
EndProject
Project("{FAE04EC0-301F-11D3-BF4B-00C04F79EFBC}") = "Ntreev.Crema.Repository.Svn", "server\Ntreev.Crema.Repository.Svn\Ntreev.Crema.Repository.Svn.csproj", "{E0F76B09-4FE3-4A58-B16D-D136441DC1AE}"
EndProject
Project("{FAE04EC0-301F-11D3-BF4B-00C04F79EFBC}") = "Ntreev.Crema.Commands.Spreadsheet", "client\Ntreev.Crema.Commands.Spreadsheet\Ntreev.Crema.Commands.Spreadsheet.csproj", "{E3B57AF4-32F8-4293-8801-FFECC87AFA88}"
EndProject
Project("{D954291E-2A0B-460D-934E-DC6B0785DB48}") = "Ntreev.Crema.Commands.Spreadsheet.Sharing", "common\Ntreev.Crema.Commands.Spreadsheet.Sharing\Ntreev.Crema.Commands.Spreadsheet.Sharing.shproj", "{05971A74-2D68-4781-9CEB-DF2B48F8BA75}"
EndProject
Project("{FAE04EC0-301F-11D3-BF4B-00C04F79EFBC}") = "Ntreev.Crema.Commands.Spreadsheet", "server\Ntreev.Crema.Commands.Spreadsheet\Ntreev.Crema.Commands.Spreadsheet.csproj", "{490F7E03-79F6-461C-9D90-80F24ACE659A}"
EndProject
Project("{FAE04EC0-301F-11D3-BF4B-00C04F79EFBC}") = "Ntreev.Crema.Comparer", "tools\Ntreev.Crema.Comparer\Ntreev.Crema.Comparer.csproj", "{FD83CA04-4B18-4CDD-AD18-12D42256640C}"
EndProject
Project("{D954291E-2A0B-460D-934E-DC6B0785DB48}") = "Ntreev.Crema.Javascript.Sharing", "common\Ntreev.Crema.Javascript.Sharing\Ntreev.Crema.Javascript.Sharing.shproj", "{A4955825-195F-4677-9695-5FC67362A449}"
EndProject
Project("{FAE04EC0-301F-11D3-BF4B-00C04F79EFBC}") = "Ntreev.Crema.Javascript", "client\Ntreev.Crema.Javascript\Ntreev.Crema.Javascript.csproj", "{92AE7F66-00C6-4E96-8ABF-CDECD55C004E}"
EndProject
Project("{FAE04EC0-301F-11D3-BF4B-00C04F79EFBC}") = "Ntreev.Crema.Javascript", "server\Ntreev.Crema.Javascript\Ntreev.Crema.Javascript.csproj", "{9ED00A26-BF13-4B1F-AF6E-3009C666AE15}"
EndProject
Project("{FAE04EC0-301F-11D3-BF4B-00C04F79EFBC}") = "Ntreev.Crema.Data.Diff", "common\Ntreev.Crema.Data.Diff\Ntreev.Crema.Data.Diff.csproj", "{99DAB5B1-1EB8-462C-8BA0-837F2A45CC52}"
EndProject
Project("{FAE04EC0-301F-11D3-BF4B-00C04F79EFBC}") = "Ntreev.ModernUI.Framework.DataGrid", "sub-modules\Ntreev.ModernUI.Framework\Ntreev.ModernUI.Framework.DataGrid\Ntreev.ModernUI.Framework.DataGrid.csproj", "{1C55FED2-99EB-469D-9DAC-A1F7B9E7C790}"
EndProject
Project("{FAE04EC0-301F-11D3-BF4B-00C04F79EFBC}") = "Ntreev.Crema.Repository.Git", "server\Ntreev.Crema.Repository.Git\Ntreev.Crema.Repository.Git.csproj", "{65CA35F5-A1C3-4F0C-8A02-08157E3F5E21}"
EndProject
Global
	GlobalSection(SharedMSBuildProjectFiles) = preSolution
		common\Ntreev.Crema.AssemblyInfo\Ntreev.Crema.AssemblyInfo.projitems*{04aeb614-3510-4064-99af-0aa807c7f957}*SharedItemsImports = 4
		common\Ntreev.Crema.Commands.Spreadsheet.Sharing\Ntreev.Crema.Commands.Spreadsheet.Sharing.projitems*{05971a74-2d68-4781-9ceb-df2b48f8ba75}*SharedItemsImports = 13
		sub-modules\Ntreev.Library.Commands\Ntreev.Library.Commands.AssemblyInfo\Ntreev.Library.Commands.AssemblyInfo.projitems*{0d96cc61-6d74-49b4-a558-33ac0dcf8529}*SharedItemsImports = 4
		common\Ntreev.Crema.AssemblyInfo\Ntreev.Crema.AssemblyInfo.projitems*{0eac90ab-7c7e-47e3-9954-148b45521fcb}*SharedItemsImports = 4
		common\Ntreev.Crema.Services.Sharing\Ntreev.Crema.Services.Sharing.projitems*{0eac90ab-7c7e-47e3-9954-148b45521fcb}*SharedItemsImports = 4
		common\Ntreev.Crema.AssemblyInfo\Ntreev.Crema.AssemblyInfo.projitems*{0fc60f01-a2ce-4e41-bed0-af56ad18ca39}*SharedItemsImports = 4
		sub-modules\Ntreev.Library\Ntreev.Library.AssemblyInfo\Ntreev.Library.AssemblyInfo.projitems*{1918437f-4fbf-4731-ac5b-981a4a4cb1f1}*SharedItemsImports = 4
		sub-modules\Ntreev.ModernUI.Framework\Ntreev.ModernUI.AssemblyInfo\Ntreev.ModernUI.AssemblyInfo.projitems*{1c55fed2-99eb-469d-9dac-a1f7b9e7c790}*SharedItemsImports = 4
		sub-modules\Ntreev.ModernUI.Framework\Ntreev.ModernUI.AssemblyInfo\Ntreev.ModernUI.AssemblyInfo.projitems*{20c3d3dd-de99-4126-9449-bca12e4d255d}*SharedItemsImports = 4
		common\Ntreev.Crema.AssemblyInfo\Ntreev.Crema.AssemblyInfo.projitems*{20dab068-f188-4ec5-96fa-227c11bba46d}*SharedItemsImports = 4
		common\Ntreev.Crema.Commands.Sharing\Ntreev.Crema.Commands.Sharing.projitems*{20dab068-f188-4ec5-96fa-227c11bba46d}*SharedItemsImports = 4
		common\Ntreev.Crema.AssemblyInfo\Ntreev.Crema.AssemblyInfo.projitems*{2128377d-74c2-4677-a96f-a82682672ece}*SharedItemsImports = 4
		common\Ntreev.Crema.AssemblyInfo\Ntreev.Crema.AssemblyInfo.projitems*{21901648-9205-46c1-91f0-2a3d7847bfc6}*SharedItemsImports = 4
		common\Ntreev.Crema.Commands.Sharing\Ntreev.Crema.Commands.Sharing.projitems*{21901648-9205-46c1-91f0-2a3d7847bfc6}*SharedItemsImports = 4
		common\Ntreev.Crema.AssemblyInfo\Ntreev.Crema.AssemblyInfo.projitems*{21d482d9-ef20-4e85-8100-28ca1b519ef7}*SharedItemsImports = 4
		common\Ntreev.Crema.Services.Sharing\Ntreev.Crema.Services.Sharing.projitems*{24ecbee1-2859-4f09-969b-f382e6341814}*SharedItemsImports = 13
		common\Ntreev.Crema.AssemblyInfo\Ntreev.Crema.AssemblyInfo.projitems*{279d3bbf-10a3-449f-aa73-545bc0b7baaf}*SharedItemsImports = 4
		common\Ntreev.Crema.AssemblyInfo\Ntreev.Crema.AssemblyInfo.projitems*{2e1ef97a-e9d5-4732-9558-b566f3d00dda}*SharedItemsImports = 4
		common\Ntreev.Crema.Commands.Sharing\Ntreev.Crema.Commands.Sharing.projitems*{3d3128aa-908d-44c4-9efd-0e1a903f5287}*SharedItemsImports = 13
		common\Ntreev.Crema.AssemblyInfo\Ntreev.Crema.AssemblyInfo.projitems*{3d7847d1-7706-4a64-8846-d8aa3639471c}*SharedItemsImports = 4
		common\Ntreev.Crema.AssemblyInfo\Ntreev.Crema.AssemblyInfo.projitems*{3faf8044-a589-4198-b8ec-b9d34bccb6ee}*SharedItemsImports = 4
		common\Ntreev.Crema.AssemblyInfo\Ntreev.Crema.AssemblyInfo.projitems*{3fdd2b88-2c14-441a-b76a-48c31a6ac9f1}*SharedItemsImports = 4
		common\Ntreev.Crema.AssemblyInfo\Ntreev.Crema.AssemblyInfo.projitems*{490f7e03-79f6-461c-9d90-80f24ace659a}*SharedItemsImports = 4
		common\Ntreev.Crema.Commands.Spreadsheet.Sharing\Ntreev.Crema.Commands.Spreadsheet.Sharing.projitems*{490f7e03-79f6-461c-9d90-80f24ace659a}*SharedItemsImports = 4
		common\Ntreev.Crema.AssemblyInfo\Ntreev.Crema.AssemblyInfo.projitems*{4c1fbd82-bca7-44d2-b832-bfa2ab80eebb}*SharedItemsImports = 4
		common\Ntreev.Crema.AssemblyInfo\Ntreev.Crema.AssemblyInfo.projitems*{520e5310-f4c2-4369-8a98-d6c74fd7e90d}*SharedItemsImports = 4
		common\Ntreev.Crema.AssemblyInfo\Ntreev.Crema.AssemblyInfo.projitems*{5775fed7-233e-48b2-8f83-538dc1123527}*SharedItemsImports = 4
		common\Ntreev.Crema.AssemblyInfo\Ntreev.Crema.AssemblyInfo.projitems*{6145e470-9838-4e40-b500-6f215b2703bc}*SharedItemsImports = 4
		common\Ntreev.Crema.AssemblyInfo\Ntreev.Crema.AssemblyInfo.projitems*{6478450a-dfa5-445d-890f-bc5f57c9a148}*SharedItemsImports = 4
		common\Ntreev.Crema.AssemblyInfo\Ntreev.Crema.AssemblyInfo.projitems*{65ca35f5-a1c3-4f0c-8a02-08157e3f5e21}*SharedItemsImports = 4
		common\Ntreev.Crema.AssemblyInfo\Ntreev.Crema.AssemblyInfo.projitems*{79aef7d1-93d1-4eeb-b09c-1595c82e7492}*SharedItemsImports = 4
		common\Ntreev.Crema.AssemblyInfo\Ntreev.Crema.AssemblyInfo.projitems*{8ae68abf-c297-4c60-9c0c-1ef64f3bdbe6}*SharedItemsImports = 4
		common\Ntreev.Crema.AssemblyInfo\Ntreev.Crema.AssemblyInfo.projitems*{92ae7f66-00c6-4e96-8abf-cdecd55c004e}*SharedItemsImports = 4
		common\Ntreev.Crema.Javascript.Sharing\Ntreev.Crema.Javascript.Sharing.projitems*{92ae7f66-00c6-4e96-8abf-cdecd55c004e}*SharedItemsImports = 4
		common\Ntreev.Crema.AssemblyInfo\Ntreev.Crema.AssemblyInfo.projitems*{92b62ca2-3246-4ab0-b190-b3d3381f15a5}*SharedItemsImports = 4
		common\Ntreev.Crema.AssemblyInfo\Ntreev.Crema.AssemblyInfo.projitems*{958d0db7-5db4-4d95-8389-ef7127f7e36e}*SharedItemsImports = 4
		common\Ntreev.Crema.AssemblyInfo\Ntreev.Crema.AssemblyInfo.projitems*{99dab5b1-1eb8-462c-8ba0-837f2a45cc52}*SharedItemsImports = 4
		common\Ntreev.Crema.AssemblyInfo\Ntreev.Crema.AssemblyInfo.projitems*{9ed00a26-bf13-4b1f-af6e-3009c666ae15}*SharedItemsImports = 4
		common\Ntreev.Crema.Javascript.Sharing\Ntreev.Crema.Javascript.Sharing.projitems*{9ed00a26-bf13-4b1f-af6e-3009c666ae15}*SharedItemsImports = 4
		common\Ntreev.Crema.AssemblyInfo\Ntreev.Crema.AssemblyInfo.projitems*{9f512d64-d361-4920-a46b-c37445493134}*SharedItemsImports = 4
		common\Ntreev.Crema.AssemblyInfo\Ntreev.Crema.AssemblyInfo.projitems*{a41e71c2-33f2-4ebf-b8e9-4050bb6c282d}*SharedItemsImports = 4
		common\Ntreev.Crema.AssemblyInfo\Ntreev.Crema.AssemblyInfo.projitems*{a455a6ac-41d0-476c-bb23-e7adfa5d7d78}*SharedItemsImports = 4
		common\Ntreev.Crema.Javascript.Sharing\Ntreev.Crema.Javascript.Sharing.projitems*{a4955825-195f-4677-9695-5fc67362a449}*SharedItemsImports = 13
		common\Ntreev.Crema.AssemblyInfo\Ntreev.Crema.AssemblyInfo.projitems*{a7bf94f7-94a5-46ba-a756-c04bde65f47b}*SharedItemsImports = 4
		common\Ntreev.Crema.AssemblyInfo\Ntreev.Crema.AssemblyInfo.projitems*{abc6f21c-0b20-4070-a09a-94990ea0db2d}*SharedItemsImports = 4
		common\Ntreev.Crema.AssemblyInfo\Ntreev.Crema.AssemblyInfo.projitems*{acd0a4dc-21e7-48d0-a67f-88bd9e8a5cec}*SharedItemsImports = 4
		common\Ntreev.Crema.AssemblyInfo\Ntreev.Crema.AssemblyInfo.projitems*{ad0eba0c-d167-4722-a2a7-82b17e1fc9aa}*SharedItemsImports = 13
		common\Ntreev.Crema.AssemblyInfo\Ntreev.Crema.AssemblyInfo.projitems*{ae494f06-18fb-452a-85a4-ae25f0399ac2}*SharedItemsImports = 4
		common\Ntreev.Crema.AssemblyInfo\Ntreev.Crema.AssemblyInfo.projitems*{b7b4c207-7729-4147-96c4-b55e85647a66}*SharedItemsImports = 4
		common\Ntreev.Crema.Services.Sharing\Ntreev.Crema.Services.Sharing.projitems*{b7b4c207-7729-4147-96c4-b55e85647a66}*SharedItemsImports = 4
		common\Ntreev.Crema.AssemblyInfo\Ntreev.Crema.AssemblyInfo.projitems*{bdb528b8-1482-4fcb-8caa-dadc8fad5243}*SharedItemsImports = 4
		common\Ntreev.Crema.AssemblyInfo\Ntreev.Crema.AssemblyInfo.projitems*{d8f5b983-c45e-4230-96f5-e2c494d5ff5c}*SharedItemsImports = 4
		common\Ntreev.Crema.AssemblyInfo\Ntreev.Crema.AssemblyInfo.projitems*{da9000e5-f145-4e52-95d6-3ae12e1c6f07}*SharedItemsImports = 4
		common\Ntreev.Crema.AssemblyInfo\Ntreev.Crema.AssemblyInfo.projitems*{e0f76b09-4fe3-4a58-b16d-d136441dc1ae}*SharedItemsImports = 4
		common\Ntreev.Crema.Commands.Spreadsheet.Sharing\Ntreev.Crema.Commands.Spreadsheet.Sharing.projitems*{e3b57af4-32f8-4293-8801-ffecc87afa88}*SharedItemsImports = 4
		common\Ntreev.Crema.AssemblyInfo\Ntreev.Crema.AssemblyInfo.projitems*{ea40ac57-d041-44f4-bd03-5e81d0572625}*SharedItemsImports = 4
		common\Ntreev.Crema.AssemblyInfo\Ntreev.Crema.AssemblyInfo.projitems*{edbc5495-35f7-4ce5-a1c6-57018043dcf0}*SharedItemsImports = 4
		common\Ntreev.Crema.AssemblyInfo\Ntreev.Crema.AssemblyInfo.projitems*{fd83ca04-4b18-4cdd-ad18-12d42256640c}*SharedItemsImports = 4
	EndGlobalSection
	GlobalSection(SolutionConfigurationPlatforms) = preSolution
		Debug|Any CPU = Debug|Any CPU
		Release|Any CPU = Release|Any CPU
	EndGlobalSection
	GlobalSection(ProjectConfigurationPlatforms) = postSolution
		{520E5310-F4C2-4369-8A98-D6C74FD7E90D}.Debug|Any CPU.ActiveCfg = Debug|Any CPU
		{520E5310-F4C2-4369-8A98-D6C74FD7E90D}.Debug|Any CPU.Build.0 = Debug|Any CPU
		{520E5310-F4C2-4369-8A98-D6C74FD7E90D}.Release|Any CPU.ActiveCfg = Release|Any CPU
		{520E5310-F4C2-4369-8A98-D6C74FD7E90D}.Release|Any CPU.Build.0 = Release|Any CPU
		{A7BF94F7-94A5-46BA-A756-C04BDE65F47B}.Debug|Any CPU.ActiveCfg = Debug|Any CPU
		{A7BF94F7-94A5-46BA-A756-C04BDE65F47B}.Debug|Any CPU.Build.0 = Debug|Any CPU
		{A7BF94F7-94A5-46BA-A756-C04BDE65F47B}.Release|Any CPU.ActiveCfg = Release|Any CPU
		{A7BF94F7-94A5-46BA-A756-C04BDE65F47B}.Release|Any CPU.Build.0 = Release|Any CPU
		{B7B4C207-7729-4147-96C4-B55E85647A66}.Debug|Any CPU.ActiveCfg = Debug|Any CPU
		{B7B4C207-7729-4147-96C4-B55E85647A66}.Debug|Any CPU.Build.0 = Debug|Any CPU
		{B7B4C207-7729-4147-96C4-B55E85647A66}.Release|Any CPU.ActiveCfg = Release|Any CPU
		{B7B4C207-7729-4147-96C4-B55E85647A66}.Release|Any CPU.Build.0 = Release|Any CPU
		{3FDD2B88-2C14-441A-B76A-48C31A6AC9F1}.Debug|Any CPU.ActiveCfg = Debug|Any CPU
		{3FDD2B88-2C14-441A-B76A-48C31A6AC9F1}.Debug|Any CPU.Build.0 = Debug|Any CPU
		{3FDD2B88-2C14-441A-B76A-48C31A6AC9F1}.Release|Any CPU.ActiveCfg = Release|Any CPU
		{3FDD2B88-2C14-441A-B76A-48C31A6AC9F1}.Release|Any CPU.Build.0 = Release|Any CPU
		{20DAB068-F188-4EC5-96FA-227C11BBA46D}.Debug|Any CPU.ActiveCfg = Debug|Any CPU
		{20DAB068-F188-4EC5-96FA-227C11BBA46D}.Debug|Any CPU.Build.0 = Debug|Any CPU
		{20DAB068-F188-4EC5-96FA-227C11BBA46D}.Release|Any CPU.ActiveCfg = Release|Any CPU
		{20DAB068-F188-4EC5-96FA-227C11BBA46D}.Release|Any CPU.Build.0 = Release|Any CPU
		{6478450A-DFA5-445D-890F-BC5F57C9A148}.Debug|Any CPU.ActiveCfg = Debug|Any CPU
		{6478450A-DFA5-445D-890F-BC5F57C9A148}.Debug|Any CPU.Build.0 = Debug|Any CPU
		{6478450A-DFA5-445D-890F-BC5F57C9A148}.Release|Any CPU.ActiveCfg = Release|Any CPU
		{6478450A-DFA5-445D-890F-BC5F57C9A148}.Release|Any CPU.Build.0 = Release|Any CPU
		{A41E71C2-33F2-4EBF-B8E9-4050BB6C282D}.Debug|Any CPU.ActiveCfg = Debug|Any CPU
		{A41E71C2-33F2-4EBF-B8E9-4050BB6C282D}.Debug|Any CPU.Build.0 = Debug|Any CPU
		{A41E71C2-33F2-4EBF-B8E9-4050BB6C282D}.Release|Any CPU.ActiveCfg = Release|Any CPU
		{A41E71C2-33F2-4EBF-B8E9-4050BB6C282D}.Release|Any CPU.Build.0 = Release|Any CPU
		{AE494F06-18FB-452A-85A4-AE25F0399AC2}.Debug|Any CPU.ActiveCfg = Debug|Any CPU
		{AE494F06-18FB-452A-85A4-AE25F0399AC2}.Debug|Any CPU.Build.0 = Debug|Any CPU
		{AE494F06-18FB-452A-85A4-AE25F0399AC2}.Release|Any CPU.ActiveCfg = Release|Any CPU
		{AE494F06-18FB-452A-85A4-AE25F0399AC2}.Release|Any CPU.Build.0 = Release|Any CPU
		{4C1FBD82-BCA7-44D2-B832-BFA2AB80EEBB}.Debug|Any CPU.ActiveCfg = Debug|Any CPU
		{4C1FBD82-BCA7-44D2-B832-BFA2AB80EEBB}.Debug|Any CPU.Build.0 = Debug|Any CPU
		{4C1FBD82-BCA7-44D2-B832-BFA2AB80EEBB}.Release|Any CPU.ActiveCfg = Release|Any CPU
		{4C1FBD82-BCA7-44D2-B832-BFA2AB80EEBB}.Release|Any CPU.Build.0 = Release|Any CPU
		{6145E470-9838-4E40-B500-6F215B2703BC}.Debug|Any CPU.ActiveCfg = Debug|Any CPU
		{6145E470-9838-4E40-B500-6F215B2703BC}.Debug|Any CPU.Build.0 = Debug|Any CPU
		{6145E470-9838-4E40-B500-6F215B2703BC}.Release|Any CPU.ActiveCfg = Release|Any CPU
		{6145E470-9838-4E40-B500-6F215B2703BC}.Release|Any CPU.Build.0 = Release|Any CPU
		{92B62CA2-3246-4AB0-B190-B3D3381F15A5}.Debug|Any CPU.ActiveCfg = Debug|Any CPU
		{92B62CA2-3246-4AB0-B190-B3D3381F15A5}.Debug|Any CPU.Build.0 = Debug|Any CPU
		{92B62CA2-3246-4AB0-B190-B3D3381F15A5}.Release|Any CPU.ActiveCfg = Release|Any CPU
		{92B62CA2-3246-4AB0-B190-B3D3381F15A5}.Release|Any CPU.Build.0 = Release|Any CPU
		{2128377D-74C2-4677-A96F-A82682672ECE}.Debug|Any CPU.ActiveCfg = Debug|Any CPU
		{2128377D-74C2-4677-A96F-A82682672ECE}.Debug|Any CPU.Build.0 = Debug|Any CPU
		{2128377D-74C2-4677-A96F-A82682672ECE}.Release|Any CPU.ActiveCfg = Release|Any CPU
		{2128377D-74C2-4677-A96F-A82682672ECE}.Release|Any CPU.Build.0 = Release|Any CPU
		{0EAC90AB-7C7E-47E3-9954-148B45521FCB}.Debug|Any CPU.ActiveCfg = Debug|Any CPU
		{0EAC90AB-7C7E-47E3-9954-148B45521FCB}.Debug|Any CPU.Build.0 = Debug|Any CPU
		{0EAC90AB-7C7E-47E3-9954-148B45521FCB}.Release|Any CPU.ActiveCfg = Release|Any CPU
		{0EAC90AB-7C7E-47E3-9954-148B45521FCB}.Release|Any CPU.Build.0 = Release|Any CPU
		{DA9000E5-F145-4E52-95D6-3AE12E1C6F07}.Debug|Any CPU.ActiveCfg = Debug|Any CPU
		{DA9000E5-F145-4E52-95D6-3AE12E1C6F07}.Debug|Any CPU.Build.0 = Debug|Any CPU
		{DA9000E5-F145-4E52-95D6-3AE12E1C6F07}.Release|Any CPU.ActiveCfg = Release|Any CPU
		{DA9000E5-F145-4E52-95D6-3AE12E1C6F07}.Release|Any CPU.Build.0 = Release|Any CPU
		{20C3D3DD-DE99-4126-9449-BCA12E4D255D}.Debug|Any CPU.ActiveCfg = Debug|Any CPU
		{20C3D3DD-DE99-4126-9449-BCA12E4D255D}.Debug|Any CPU.Build.0 = Debug|Any CPU
		{20C3D3DD-DE99-4126-9449-BCA12E4D255D}.Release|Any CPU.ActiveCfg = Release|Any CPU
		{20C3D3DD-DE99-4126-9449-BCA12E4D255D}.Release|Any CPU.Build.0 = Release|Any CPU
		{1918437F-4FBF-4731-AC5B-981A4A4CB1F1}.Debug|Any CPU.ActiveCfg = Debug|Any CPU
		{1918437F-4FBF-4731-AC5B-981A4A4CB1F1}.Debug|Any CPU.Build.0 = Debug|Any CPU
		{1918437F-4FBF-4731-AC5B-981A4A4CB1F1}.Release|Any CPU.ActiveCfg = Release|Any CPU
		{1918437F-4FBF-4731-AC5B-981A4A4CB1F1}.Release|Any CPU.Build.0 = Release|Any CPU
		{ABC6F21C-0B20-4070-A09A-94990EA0DB2D}.Debug|Any CPU.ActiveCfg = Debug|Any CPU
		{ABC6F21C-0B20-4070-A09A-94990EA0DB2D}.Debug|Any CPU.Build.0 = Debug|Any CPU
		{ABC6F21C-0B20-4070-A09A-94990EA0DB2D}.Release|Any CPU.ActiveCfg = Release|Any CPU
		{ABC6F21C-0B20-4070-A09A-94990EA0DB2D}.Release|Any CPU.Build.0 = Release|Any CPU
		{5775FED7-233E-48B2-8F83-538DC1123527}.Debug|Any CPU.ActiveCfg = Debug|Any CPU
		{5775FED7-233E-48B2-8F83-538DC1123527}.Debug|Any CPU.Build.0 = Debug|Any CPU
		{5775FED7-233E-48B2-8F83-538DC1123527}.Release|Any CPU.ActiveCfg = Release|Any CPU
		{5775FED7-233E-48B2-8F83-538DC1123527}.Release|Any CPU.Build.0 = Release|Any CPU
		{AF7FE3F1-E2CC-45CB-A848-198DDF4AEC18}.Debug|Any CPU.ActiveCfg = Debug|Any CPU
		{AF7FE3F1-E2CC-45CB-A848-198DDF4AEC18}.Debug|Any CPU.Build.0 = Debug|Any CPU
		{AF7FE3F1-E2CC-45CB-A848-198DDF4AEC18}.Release|Any CPU.ActiveCfg = Release|Any CPU
		{AF7FE3F1-E2CC-45CB-A848-198DDF4AEC18}.Release|Any CPU.Build.0 = Release|Any CPU
		{21901648-9205-46C1-91F0-2A3D7847BFC6}.Debug|Any CPU.ActiveCfg = Debug|Any CPU
		{21901648-9205-46C1-91F0-2A3D7847BFC6}.Debug|Any CPU.Build.0 = Debug|Any CPU
		{21901648-9205-46C1-91F0-2A3D7847BFC6}.Release|Any CPU.ActiveCfg = Release|Any CPU
		{21901648-9205-46C1-91F0-2A3D7847BFC6}.Release|Any CPU.Build.0 = Release|Any CPU
		{A455A6AC-41D0-476C-BB23-E7ADFA5D7D78}.Debug|Any CPU.ActiveCfg = Debug|Any CPU
		{A455A6AC-41D0-476C-BB23-E7ADFA5D7D78}.Debug|Any CPU.Build.0 = Debug|Any CPU
		{A455A6AC-41D0-476C-BB23-E7ADFA5D7D78}.Release|Any CPU.ActiveCfg = Release|Any CPU
		{A455A6AC-41D0-476C-BB23-E7ADFA5D7D78}.Release|Any CPU.Build.0 = Release|Any CPU
		{0D96CC61-6D74-49B4-A558-33AC0DCF8529}.Debug|Any CPU.ActiveCfg = Debug|Any CPU
		{0D96CC61-6D74-49B4-A558-33AC0DCF8529}.Debug|Any CPU.Build.0 = Debug|Any CPU
		{0D96CC61-6D74-49B4-A558-33AC0DCF8529}.Release|Any CPU.ActiveCfg = Release|Any CPU
		{0D96CC61-6D74-49B4-A558-33AC0DCF8529}.Release|Any CPU.Build.0 = Release|Any CPU
		{ACD0A4DC-21E7-48D0-A67F-88BD9E8A5CEC}.Debug|Any CPU.ActiveCfg = Debug|Any CPU
		{ACD0A4DC-21E7-48D0-A67F-88BD9E8A5CEC}.Debug|Any CPU.Build.0 = Debug|Any CPU
		{ACD0A4DC-21E7-48D0-A67F-88BD9E8A5CEC}.Release|Any CPU.ActiveCfg = Release|Any CPU
		{ACD0A4DC-21E7-48D0-A67F-88BD9E8A5CEC}.Release|Any CPU.Build.0 = Release|Any CPU
		{279D3BBF-10A3-449F-AA73-545BC0B7BAAF}.Debug|Any CPU.ActiveCfg = Debug|Any CPU
		{279D3BBF-10A3-449F-AA73-545BC0B7BAAF}.Debug|Any CPU.Build.0 = Debug|Any CPU
		{279D3BBF-10A3-449F-AA73-545BC0B7BAAF}.Release|Any CPU.ActiveCfg = Release|Any CPU
		{279D3BBF-10A3-449F-AA73-545BC0B7BAAF}.Release|Any CPU.Build.0 = Release|Any CPU
		{79AEF7D1-93D1-4EEB-B09C-1595C82E7492}.Debug|Any CPU.ActiveCfg = Debug|Any CPU
		{79AEF7D1-93D1-4EEB-B09C-1595C82E7492}.Debug|Any CPU.Build.0 = Debug|Any CPU
		{79AEF7D1-93D1-4EEB-B09C-1595C82E7492}.Release|Any CPU.ActiveCfg = Release|Any CPU
		{79AEF7D1-93D1-4EEB-B09C-1595C82E7492}.Release|Any CPU.Build.0 = Release|Any CPU
		{3FAF8044-A589-4198-B8EC-B9D34BCCB6EE}.Debug|Any CPU.ActiveCfg = Debug|Any CPU
		{3FAF8044-A589-4198-B8EC-B9D34BCCB6EE}.Debug|Any CPU.Build.0 = Debug|Any CPU
		{3FAF8044-A589-4198-B8EC-B9D34BCCB6EE}.Release|Any CPU.ActiveCfg = Release|Any CPU
		{3FAF8044-A589-4198-B8EC-B9D34BCCB6EE}.Release|Any CPU.Build.0 = Release|Any CPU
		{0FC60F01-A2CE-4E41-BED0-AF56AD18CA39}.Debug|Any CPU.ActiveCfg = Debug|Any CPU
		{0FC60F01-A2CE-4E41-BED0-AF56AD18CA39}.Debug|Any CPU.Build.0 = Debug|Any CPU
		{0FC60F01-A2CE-4E41-BED0-AF56AD18CA39}.Release|Any CPU.ActiveCfg = Release|Any CPU
		{0FC60F01-A2CE-4E41-BED0-AF56AD18CA39}.Release|Any CPU.Build.0 = Release|Any CPU
		{3D7847D1-7706-4A64-8846-D8AA3639471C}.Debug|Any CPU.ActiveCfg = Debug|Any CPU
		{3D7847D1-7706-4A64-8846-D8AA3639471C}.Debug|Any CPU.Build.0 = Debug|Any CPU
		{3D7847D1-7706-4A64-8846-D8AA3639471C}.Release|Any CPU.ActiveCfg = Release|Any CPU
		{3D7847D1-7706-4A64-8846-D8AA3639471C}.Release|Any CPU.Build.0 = Release|Any CPU
		{8AE68ABF-C297-4C60-9C0C-1EF64F3BDBE6}.Debug|Any CPU.ActiveCfg = Debug|Any CPU
		{8AE68ABF-C297-4C60-9C0C-1EF64F3BDBE6}.Debug|Any CPU.Build.0 = Debug|Any CPU
		{8AE68ABF-C297-4C60-9C0C-1EF64F3BDBE6}.Release|Any CPU.ActiveCfg = Release|Any CPU
		{8AE68ABF-C297-4C60-9C0C-1EF64F3BDBE6}.Release|Any CPU.Build.0 = Release|Any CPU
		{21D482D9-EF20-4E85-8100-28CA1B519EF7}.Debug|Any CPU.ActiveCfg = Debug|Any CPU
		{21D482D9-EF20-4E85-8100-28CA1B519EF7}.Debug|Any CPU.Build.0 = Debug|Any CPU
		{21D482D9-EF20-4E85-8100-28CA1B519EF7}.Release|Any CPU.ActiveCfg = Release|Any CPU
		{21D482D9-EF20-4E85-8100-28CA1B519EF7}.Release|Any CPU.Build.0 = Release|Any CPU
		{BDB528B8-1482-4FCB-8CAA-DADC8FAD5243}.Debug|Any CPU.ActiveCfg = Debug|Any CPU
		{BDB528B8-1482-4FCB-8CAA-DADC8FAD5243}.Debug|Any CPU.Build.0 = Debug|Any CPU
		{BDB528B8-1482-4FCB-8CAA-DADC8FAD5243}.Release|Any CPU.ActiveCfg = Release|Any CPU
		{BDB528B8-1482-4FCB-8CAA-DADC8FAD5243}.Release|Any CPU.Build.0 = Release|Any CPU
		{04AEB614-3510-4064-99AF-0AA807C7F957}.Debug|Any CPU.ActiveCfg = Debug|Any CPU
		{04AEB614-3510-4064-99AF-0AA807C7F957}.Debug|Any CPU.Build.0 = Debug|Any CPU
		{04AEB614-3510-4064-99AF-0AA807C7F957}.Release|Any CPU.ActiveCfg = Release|Any CPU
		{04AEB614-3510-4064-99AF-0AA807C7F957}.Release|Any CPU.Build.0 = Release|Any CPU
		{EA40AC57-D041-44F4-BD03-5E81D0572625}.Debug|Any CPU.ActiveCfg = Debug|Any CPU
		{EA40AC57-D041-44F4-BD03-5E81D0572625}.Debug|Any CPU.Build.0 = Debug|Any CPU
		{EA40AC57-D041-44F4-BD03-5E81D0572625}.Release|Any CPU.ActiveCfg = Release|Any CPU
		{EA40AC57-D041-44F4-BD03-5E81D0572625}.Release|Any CPU.Build.0 = Release|Any CPU
		{D8F5B983-C45E-4230-96F5-E2C494D5FF5C}.Debug|Any CPU.ActiveCfg = Debug|Any CPU
		{D8F5B983-C45E-4230-96F5-E2C494D5FF5C}.Debug|Any CPU.Build.0 = Debug|Any CPU
		{D8F5B983-C45E-4230-96F5-E2C494D5FF5C}.Release|Any CPU.ActiveCfg = Release|Any CPU
		{D8F5B983-C45E-4230-96F5-E2C494D5FF5C}.Release|Any CPU.Build.0 = Release|Any CPU
		{958D0DB7-5DB4-4D95-8389-EF7127F7E36E}.Debug|Any CPU.ActiveCfg = Debug|Any CPU
		{958D0DB7-5DB4-4D95-8389-EF7127F7E36E}.Debug|Any CPU.Build.0 = Debug|Any CPU
		{958D0DB7-5DB4-4D95-8389-EF7127F7E36E}.Release|Any CPU.ActiveCfg = Release|Any CPU
		{958D0DB7-5DB4-4D95-8389-EF7127F7E36E}.Release|Any CPU.Build.0 = Release|Any CPU
		{EDBC5495-35F7-4CE5-A1C6-57018043DCF0}.Debug|Any CPU.ActiveCfg = Debug|Any CPU
		{EDBC5495-35F7-4CE5-A1C6-57018043DCF0}.Debug|Any CPU.Build.0 = Debug|Any CPU
		{EDBC5495-35F7-4CE5-A1C6-57018043DCF0}.Release|Any CPU.ActiveCfg = Release|Any CPU
		{EDBC5495-35F7-4CE5-A1C6-57018043DCF0}.Release|Any CPU.Build.0 = Release|Any CPU
		{2E1EF97A-E9D5-4732-9558-B566F3D00DDA}.Debug|Any CPU.ActiveCfg = Debug|Any CPU
		{2E1EF97A-E9D5-4732-9558-B566F3D00DDA}.Debug|Any CPU.Build.0 = Debug|Any CPU
		{2E1EF97A-E9D5-4732-9558-B566F3D00DDA}.Release|Any CPU.ActiveCfg = Release|Any CPU
		{2E1EF97A-E9D5-4732-9558-B566F3D00DDA}.Release|Any CPU.Build.0 = Release|Any CPU
		{9F512D64-D361-4920-A46B-C37445493134}.Debug|Any CPU.ActiveCfg = Debug|Any CPU
		{9F512D64-D361-4920-A46B-C37445493134}.Debug|Any CPU.Build.0 = Debug|Any CPU
		{9F512D64-D361-4920-A46B-C37445493134}.Release|Any CPU.ActiveCfg = Release|Any CPU
		{9F512D64-D361-4920-A46B-C37445493134}.Release|Any CPU.Build.0 = Release|Any CPU
		{E0F76B09-4FE3-4A58-B16D-D136441DC1AE}.Debug|Any CPU.ActiveCfg = Debug|Any CPU
		{E0F76B09-4FE3-4A58-B16D-D136441DC1AE}.Debug|Any CPU.Build.0 = Debug|Any CPU
		{E0F76B09-4FE3-4A58-B16D-D136441DC1AE}.Release|Any CPU.ActiveCfg = Release|Any CPU
		{E0F76B09-4FE3-4A58-B16D-D136441DC1AE}.Release|Any CPU.Build.0 = Release|Any CPU
		{E3B57AF4-32F8-4293-8801-FFECC87AFA88}.Debug|Any CPU.ActiveCfg = Debug|Any CPU
		{E3B57AF4-32F8-4293-8801-FFECC87AFA88}.Debug|Any CPU.Build.0 = Debug|Any CPU
		{E3B57AF4-32F8-4293-8801-FFECC87AFA88}.Release|Any CPU.ActiveCfg = Release|Any CPU
		{E3B57AF4-32F8-4293-8801-FFECC87AFA88}.Release|Any CPU.Build.0 = Release|Any CPU
		{490F7E03-79F6-461C-9D90-80F24ACE659A}.Debug|Any CPU.ActiveCfg = Debug|Any CPU
		{490F7E03-79F6-461C-9D90-80F24ACE659A}.Debug|Any CPU.Build.0 = Debug|Any CPU
		{490F7E03-79F6-461C-9D90-80F24ACE659A}.Release|Any CPU.ActiveCfg = Release|Any CPU
		{490F7E03-79F6-461C-9D90-80F24ACE659A}.Release|Any CPU.Build.0 = Release|Any CPU
		{FD83CA04-4B18-4CDD-AD18-12D42256640C}.Debug|Any CPU.ActiveCfg = Debug|Any CPU
		{FD83CA04-4B18-4CDD-AD18-12D42256640C}.Debug|Any CPU.Build.0 = Debug|Any CPU
		{FD83CA04-4B18-4CDD-AD18-12D42256640C}.Release|Any CPU.ActiveCfg = Release|Any CPU
		{FD83CA04-4B18-4CDD-AD18-12D42256640C}.Release|Any CPU.Build.0 = Release|Any CPU
		{92AE7F66-00C6-4E96-8ABF-CDECD55C004E}.Debug|Any CPU.ActiveCfg = Debug|Any CPU
		{92AE7F66-00C6-4E96-8ABF-CDECD55C004E}.Debug|Any CPU.Build.0 = Debug|Any CPU
		{92AE7F66-00C6-4E96-8ABF-CDECD55C004E}.Release|Any CPU.ActiveCfg = Release|Any CPU
		{92AE7F66-00C6-4E96-8ABF-CDECD55C004E}.Release|Any CPU.Build.0 = Release|Any CPU
		{9ED00A26-BF13-4B1F-AF6E-3009C666AE15}.Debug|Any CPU.ActiveCfg = Debug|Any CPU
		{9ED00A26-BF13-4B1F-AF6E-3009C666AE15}.Debug|Any CPU.Build.0 = Debug|Any CPU
		{9ED00A26-BF13-4B1F-AF6E-3009C666AE15}.Release|Any CPU.ActiveCfg = Release|Any CPU
		{9ED00A26-BF13-4B1F-AF6E-3009C666AE15}.Release|Any CPU.Build.0 = Release|Any CPU
		{99DAB5B1-1EB8-462C-8BA0-837F2A45CC52}.Debug|Any CPU.ActiveCfg = Debug|Any CPU
		{99DAB5B1-1EB8-462C-8BA0-837F2A45CC52}.Debug|Any CPU.Build.0 = Debug|Any CPU
		{99DAB5B1-1EB8-462C-8BA0-837F2A45CC52}.Release|Any CPU.ActiveCfg = Release|Any CPU
		{99DAB5B1-1EB8-462C-8BA0-837F2A45CC52}.Release|Any CPU.Build.0 = Release|Any CPU
		{1C55FED2-99EB-469D-9DAC-A1F7B9E7C790}.Debug|Any CPU.ActiveCfg = Debug|Any CPU
		{1C55FED2-99EB-469D-9DAC-A1F7B9E7C790}.Debug|Any CPU.Build.0 = Debug|Any CPU
		{1C55FED2-99EB-469D-9DAC-A1F7B9E7C790}.Release|Any CPU.ActiveCfg = Release|Any CPU
		{1C55FED2-99EB-469D-9DAC-A1F7B9E7C790}.Release|Any CPU.Build.0 = Release|Any CPU
		{65CA35F5-A1C3-4F0C-8A02-08157E3F5E21}.Debug|Any CPU.ActiveCfg = Debug|Any CPU
		{65CA35F5-A1C3-4F0C-8A02-08157E3F5E21}.Debug|Any CPU.Build.0 = Debug|Any CPU
		{65CA35F5-A1C3-4F0C-8A02-08157E3F5E21}.Release|Any CPU.ActiveCfg = Release|Any CPU
		{65CA35F5-A1C3-4F0C-8A02-08157E3F5E21}.Release|Any CPU.Build.0 = Release|Any CPU
	EndGlobalSection
	GlobalSection(SolutionProperties) = preSolution
		HideSolutionNode = FALSE
	EndGlobalSection
	GlobalSection(NestedProjects) = preSolution
		{520E5310-F4C2-4369-8A98-D6C74FD7E90D} = {9BD2FC26-0766-4D0C-80CF-AC811DE44A4D}
		{A7BF94F7-94A5-46BA-A756-C04BDE65F47B} = {9BD2FC26-0766-4D0C-80CF-AC811DE44A4D}
		{B7B4C207-7729-4147-96C4-B55E85647A66} = {9BD2FC26-0766-4D0C-80CF-AC811DE44A4D}
		{3FDD2B88-2C14-441A-B76A-48C31A6AC9F1} = {9BD2FC26-0766-4D0C-80CF-AC811DE44A4D}
		{20DAB068-F188-4EC5-96FA-227C11BBA46D} = {9BD2FC26-0766-4D0C-80CF-AC811DE44A4D}
		{6478450A-DFA5-445D-890F-BC5F57C9A148} = {2C88EBD3-AF02-4842-8922-7C439EC5AB5E}
		{A41E71C2-33F2-4EBF-B8E9-4050BB6C282D} = {2C88EBD3-AF02-4842-8922-7C439EC5AB5E}
		{AE494F06-18FB-452A-85A4-AE25F0399AC2} = {51988BAC-DDBB-475A-BF13-576A97678AB5}
		{4C1FBD82-BCA7-44D2-B832-BFA2AB80EEBB} = {51988BAC-DDBB-475A-BF13-576A97678AB5}
		{6145E470-9838-4E40-B500-6F215B2703BC} = {51988BAC-DDBB-475A-BF13-576A97678AB5}
		{92B62CA2-3246-4AB0-B190-B3D3381F15A5} = {51988BAC-DDBB-475A-BF13-576A97678AB5}
		{2128377D-74C2-4677-A96F-A82682672ECE} = {51988BAC-DDBB-475A-BF13-576A97678AB5}
		{0EAC90AB-7C7E-47E3-9954-148B45521FCB} = {51988BAC-DDBB-475A-BF13-576A97678AB5}
		{DA9000E5-F145-4E52-95D6-3AE12E1C6F07} = {51988BAC-DDBB-475A-BF13-576A97678AB5}
		{20C3D3DD-DE99-4126-9449-BCA12E4D255D} = {2C88EBD3-AF02-4842-8922-7C439EC5AB5E}
		{1918437F-4FBF-4731-AC5B-981A4A4CB1F1} = {2C88EBD3-AF02-4842-8922-7C439EC5AB5E}
		{ABC6F21C-0B20-4070-A09A-94990EA0DB2D} = {51988BAC-DDBB-475A-BF13-576A97678AB5}
		{5775FED7-233E-48B2-8F83-538DC1123527} = {51988BAC-DDBB-475A-BF13-576A97678AB5}
		{AF7FE3F1-E2CC-45CB-A848-198DDF4AEC18} = {FCEABDD4-4C3B-498B-A559-CA4C65D0C4BE}
		{21901648-9205-46C1-91F0-2A3D7847BFC6} = {51988BAC-DDBB-475A-BF13-576A97678AB5}
		{A455A6AC-41D0-476C-BB23-E7ADFA5D7D78} = {51988BAC-DDBB-475A-BF13-576A97678AB5}
		{AD0EBA0C-D167-4722-A2A7-82B17E1FC9AA} = {2C88EBD3-AF02-4842-8922-7C439EC5AB5E}
		{0D96CC61-6D74-49B4-A558-33AC0DCF8529} = {2C88EBD3-AF02-4842-8922-7C439EC5AB5E}
		{ACD0A4DC-21E7-48D0-A67F-88BD9E8A5CEC} = {FCEABDD4-4C3B-498B-A559-CA4C65D0C4BE}
		{279D3BBF-10A3-449F-AA73-545BC0B7BAAF} = {2C88EBD3-AF02-4842-8922-7C439EC5AB5E}
		{79AEF7D1-93D1-4EEB-B09C-1595C82E7492} = {2C88EBD3-AF02-4842-8922-7C439EC5AB5E}
		{3FAF8044-A589-4198-B8EC-B9D34BCCB6EE} = {2C88EBD3-AF02-4842-8922-7C439EC5AB5E}
		{0FC60F01-A2CE-4E41-BED0-AF56AD18CA39} = {2C88EBD3-AF02-4842-8922-7C439EC5AB5E}
		{3D7847D1-7706-4A64-8846-D8AA3639471C} = {9BD2FC26-0766-4D0C-80CF-AC811DE44A4D}
		{8AE68ABF-C297-4C60-9C0C-1EF64F3BDBE6} = {FCEABDD4-4C3B-498B-A559-CA4C65D0C4BE}
		{21D482D9-EF20-4E85-8100-28CA1B519EF7} = {FCEABDD4-4C3B-498B-A559-CA4C65D0C4BE}
		{BDB528B8-1482-4FCB-8CAA-DADC8FAD5243} = {FCEABDD4-4C3B-498B-A559-CA4C65D0C4BE}
		{04AEB614-3510-4064-99AF-0AA807C7F957} = {2C88EBD3-AF02-4842-8922-7C439EC5AB5E}
		{EA40AC57-D041-44F4-BD03-5E81D0572625} = {2C88EBD3-AF02-4842-8922-7C439EC5AB5E}
		{24ECBEE1-2859-4F09-969B-F382E6341814} = {2C88EBD3-AF02-4842-8922-7C439EC5AB5E}
		{D8F5B983-C45E-4230-96F5-E2C494D5FF5C} = {FCEABDD4-4C3B-498B-A559-CA4C65D0C4BE}
		{958D0DB7-5DB4-4D95-8389-EF7127F7E36E} = {FCEABDD4-4C3B-498B-A559-CA4C65D0C4BE}
		{EDBC5495-35F7-4CE5-A1C6-57018043DCF0} = {FCEABDD4-4C3B-498B-A559-CA4C65D0C4BE}
		{2E1EF97A-E9D5-4732-9558-B566F3D00DDA} = {51988BAC-DDBB-475A-BF13-576A97678AB5}
		{3D3128AA-908D-44C4-9EFD-0E1A903F5287} = {2C88EBD3-AF02-4842-8922-7C439EC5AB5E}
		{9F512D64-D361-4920-A46B-C37445493134} = {51988BAC-DDBB-475A-BF13-576A97678AB5}
		{E0F76B09-4FE3-4A58-B16D-D136441DC1AE} = {9BD2FC26-0766-4D0C-80CF-AC811DE44A4D}
		{E3B57AF4-32F8-4293-8801-FFECC87AFA88} = {51988BAC-DDBB-475A-BF13-576A97678AB5}
		{05971A74-2D68-4781-9CEB-DF2B48F8BA75} = {2C88EBD3-AF02-4842-8922-7C439EC5AB5E}
		{490F7E03-79F6-461C-9D90-80F24ACE659A} = {9BD2FC26-0766-4D0C-80CF-AC811DE44A4D}
		{FD83CA04-4B18-4CDD-AD18-12D42256640C} = {FCEABDD4-4C3B-498B-A559-CA4C65D0C4BE}
		{A4955825-195F-4677-9695-5FC67362A449} = {2C88EBD3-AF02-4842-8922-7C439EC5AB5E}
		{92AE7F66-00C6-4E96-8ABF-CDECD55C004E} = {51988BAC-DDBB-475A-BF13-576A97678AB5}
		{9ED00A26-BF13-4B1F-AF6E-3009C666AE15} = {9BD2FC26-0766-4D0C-80CF-AC811DE44A4D}
		{99DAB5B1-1EB8-462C-8BA0-837F2A45CC52} = {2C88EBD3-AF02-4842-8922-7C439EC5AB5E}
		{1C55FED2-99EB-469D-9DAC-A1F7B9E7C790} = {2C88EBD3-AF02-4842-8922-7C439EC5AB5E}
		{65CA35F5-A1C3-4F0C-8A02-08157E3F5E21} = {9BD2FC26-0766-4D0C-80CF-AC811DE44A4D}
	EndGlobalSection
	GlobalSection(ExtensibilityGlobals) = postSolution
		SolutionGuid = {4B597F4B-D27E-4576-ABBB-44B003E121A1}
	EndGlobalSection
EndGlobal
